
Microsoft Visual Studio Solution File, Format Version 12.00
# Visual Studio 15
VisualStudioVersion = 15.0.28307.489
MinimumVisualStudioVersion = 10.0.40219.1
Project("{FAE04EC0-301F-11D3-BF4B-00C04F79EFBC}") = "WebApplication1", "WebApplication1\WebApplication1.csproj", "{F63CD532-16B9-40CB-B9B8-B91897486806}"
EndProject
Global
	GlobalSection(SolutionConfigurationPlatforms) = preSolution
		Debug|Any CPU = Debug|Any CPU
		Release|Any CPU = Release|Any CPU
	EndGlobalSection
	GlobalSection(ProjectConfigurationPlatforms) = postSolution
		{F63CD532-16B9-40CB-B9B8-B91897486806}.Debug|Any CPU.ActiveCfg = Debug|Any CPU
		{F63CD532-16B9-40CB-B9B8-B91897486806}.Debug|Any CPU.Build.0 = Debug|Any CPU
		{F63CD532-16B9-40CB-B9B8-B91897486806}.Release|Any CPU.ActiveCfg = Release|Any CPU
		{F63CD532-16B9-40CB-B9B8-B91897486806}.Release|Any CPU.Build.0 = Release|Any CPU
	EndGlobalSection
	GlobalSection(SolutionProperties) = preSolution
		HideSolutionNode = FALSE
	EndGlobalSection
	GlobalSection(ExtensibilityGlobals) = postSolution
		SolutionGuid = {3ABC7495-8205-4AA1-A608-F7C09C5113EE}
	EndGlobalSection
EndGlobal
